
Microsoft Visual Studio Solution File, Format Version 12.00
# Visual Studio Version 18
VisualStudioVersion = 18.8.12009.203 stable
MinimumVisualStudioVersion = 10.0.40219.1
Project("{FAE04EC0-301F-11D3-BF4B-00C04F79EFBC}") = "NotificationService.API", "NotificationService.API\NotificationService.API.csproj", "{42BFABEA-4F32-4ED5-B099-53FD03493F0F}"
EndProject
Project("{FAE04EC0-301F-11D3-BF4B-00C04F79EFBC}") = "NotificationService.Application", "NotificationService.Application\NotificationService.Application.csproj", "{E689FC0B-0282-4E0D-864F-7CC5A3265223}"
EndProject
Project("{FAE04EC0-301F-11D3-BF4B-00C04F79EFBC}") = "NotificationService.Domain", "NotificationService.Domain\NotificationService.Domain.csproj", "{6BBB6E11-ACC4-4C30-BD44-EC22506F19FF}"
EndProject
Project("{FAE04EC0-301F-11D3-BF4B-00C04F79EFBC}") = "NotificationService.Infrastructure", "NotificationService.Infrastructure\NotificationService.Infrastructure.csproj", "{C258781D-47F5-4734-97A8-F422FB3CB813}"
EndProject
Project("{FAE04EC0-301F-11D3-BF4B-00C04F79EFBC}") = "NotificationService.Shared", "NotificationService.Shared\NotificationService.Shared.csproj", "{C9351CFF-071D-4C38-81AC-60F31A35E5B4}"
EndProject
Global
	GlobalSection(SolutionConfigurationPlatforms) = preSolution
		Debug|Any CPU = Debug|Any CPU
		Release|Any CPU = Release|Any CPU
	EndGlobalSection
	GlobalSection(ProjectConfigurationPlatforms) = postSolution
		{42BFABEA-4F32-4ED5-B099-53FD03493F0F}.Debug|Any CPU.ActiveCfg = Debug|Any CPU
		{42BFABEA-4F32-4ED5-B099-53FD03493F0F}.Debug|Any CPU.Build.0 = Debug|Any CPU
		{42BFABEA-4F32-4ED5-B099-53FD03493F0F}.Release|Any CPU.ActiveCfg = Release|Any CPU
		{42BFABEA-4F32-4ED5-B099-53FD03493F0F}.Release|Any CPU.Build.0 = Release|Any CPU
		{E689FC0B-0282-4E0D-864F-7CC5A3265223}.Debug|Any CPU.ActiveCfg = Debug|Any CPU
		{E689FC0B-0282-4E0D-864F-7CC5A3265223}.Debug|Any CPU.Build.0 = Debug|Any CPU
		{E689FC0B-0282-4E0D-864F-7CC5A3265223}.Release|Any CPU.ActiveCfg = Release|Any CPU
		{E689FC0B-0282-4E0D-864F-7CC5A3265223}.Release|Any CPU.Build.0 = Release|Any CPU
		{6BBB6E11-ACC4-4C30-BD44-EC22506F19FF}.Debug|Any CPU.ActiveCfg = Debug|Any CPU
		{6BBB6E11-ACC4-4C30-BD44-EC22506F19FF}.Debug|Any CPU.Build.0 = Debug|Any CPU
		{6BBB6E11-ACC4-4C30-BD44-EC22506F19FF}.Release|Any CPU.ActiveCfg = Release|Any CPU
		{6BBB6E11-ACC4-4C30-BD44-EC22506F19FF}.Release|Any CPU.Build.0 = Release|Any CPU
		{C258781D-47F5-4734-97A8-F422FB3CB813}.Debug|Any CPU.ActiveCfg = Debug|Any CPU
		{C258781D-47F5-4734-97A8-F422FB3CB813}.Debug|Any CPU.Build.0 = Debug|Any CPU
		{C258781D-47F5-4734-97A8-F422FB3CB813}.Release|Any CPU.ActiveCfg = Release|Any CPU
		{C258781D-47F5-4734-97A8-F422FB3CB813}.Release|Any CPU.Build.0 = Release|Any CPU
		{C9351CFF-071D-4C38-81AC-60F31A35E5B4}.Debug|Any CPU.ActiveCfg = Debug|Any CPU
		{C9351CFF-071D-4C38-81AC-60F31A35E5B4}.Debug|Any CPU.Build.0 = Debug|Any CPU
		{C9351CFF-071D-4C38-81AC-60F31A35E5B4}.Release|Any CPU.ActiveCfg = Release|Any CPU
		{C9351CFF-071D-4C38-81AC-60F31A35E5B4}.Release|Any CPU.Build.0 = Release|Any CPU
	EndGlobalSection
	GlobalSection(SolutionProperties) = preSolution
		HideSolutionNode = FALSE
	EndGlobalSection
	GlobalSection(ExtensibilityGlobals) = postSolution
		SolutionGuid = {0D200735-3DA0-401C-B1A6-3DA0F5E5D465}
	EndGlobalSection
EndGlobal
